<?xml version="1.0" encoding="utf-8"?>
<Project ToolsVersion="4.0" xmlns="http://schemas.microsoft.com/developer/msbuild/2003">
  <ItemGroup>
    <ClInclude Include="pch.h" />
    <ClInclude Include="..\..\lib\BufferEncoder.h">
      <Filter>src</Filter>
    </ClInclude>
    <ClInclude Include="..\..\lib\OggBuffEnc.h">
      <Filter>src</Filter>
    </ClInclude>
  </ItemGroup>
  <ItemGroup>
    <ClCompile Include="..\..\lib\BufferEncoder.cpp">
      <Filter>src</Filter>
    </ClCompile>
    <ClCompile Include="..\..\lib\OggBuffEnc.cpp">
      <Filter>src</Filter>
    </ClCompile>
  </ItemGroup>
  <ItemGroup>
    <Filter Include="src">
      <UniqueIdentifier>{5a22e7b0-e6ba-4b3f-bfe2-01937b397659}</UniqueIdentifier>
    </Filter>
  </ItemGroup>
</Project>